
Microsoft Visual Studio Solution File, Format Version 12.00
# Visual Studio 14
VisualStudioVersion = 14.0.25420.1
MinimumVisualStudioVersion = 10.0.40219.1
Project("{2150E333-8FDC-42A3-9474-1A3956D46DE8}") = "src", "src", "{0C6F6A67-8CA6-4275-88C4-8C97E78286AA}"
EndProject
Project("{2150E333-8FDC-42A3-9474-1A3956D46DE8}") = "Solution Items", "Solution Items", "{3E63DC0D-0D9D-4E29-AAA4-201AA5D46CA4}"
	ProjectSection(SolutionItems) = preProject
		global.json = global.json
	EndProjectSection
EndProject
Project("{8BB2217D-0F2D-49D1-97BC-3654ED321F3B}") = "NetCoreIoCModules.Web", "src\NetCoreIoCModules.Web\NetCoreIoCModules.Web.xproj", "{C470C26B-205B-4910-B23C-87DCD5DA863B}"
EndProject
Global
	GlobalSection(SolutionConfigurationPlatforms) = preSolution
		Debug|Any CPU = Debug|Any CPU
		Release|Any CPU = Release|Any CPU
	EndGlobalSection
	GlobalSection(ProjectConfigurationPlatforms) = postSolution
		{C470C26B-205B-4910-B23C-87DCD5DA863B}.Debug|Any CPU.ActiveCfg = Debug|Any CPU
		{C470C26B-205B-4910-B23C-87DCD5DA863B}.Debug|Any CPU.Build.0 = Debug|Any CPU
		{C470C26B-205B-4910-B23C-87DCD5DA863B}.Release|Any CPU.ActiveCfg = Release|Any CPU
		{C470C26B-205B-4910-B23C-87DCD5DA863B}.Release|Any CPU.Build.0 = Release|Any CPU
	EndGlobalSection
	GlobalSection(SolutionProperties) = preSolution
		HideSolutionNode = FALSE
	EndGlobalSection
	GlobalSection(NestedProjects) = preSolution
		{C470C26B-205B-4910-B23C-87DCD5DA863B} = {0C6F6A67-8CA6-4275-88C4-8C97E78286AA}
	EndGlobalSection
EndGlobal
